
Microsoft Visual Studio Solution File, Format Version 12.00
# Visual Studio 15
VisualStudioVersion = 15.0.28010.2041
MinimumVisualStudioVersion = 10.0.40219.1
Project("{FAE04EC0-301F-11D3-BF4B-00C04F79EFBC}") = "OnlineShop", "OnlineShop\OnlineShop.csproj", "{C69DDE96-888C-40B4-BBE7-9772895BE471}"
EndProject
Project("{FAE04EC0-301F-11D3-BF4B-00C04F79EFBC}") = "Model", "Model\Model.csproj", "{597F1652-8EB3-4DDB-8526-791049C4FC5A}"
EndProject
Project("{FAE04EC0-301F-11D3-BF4B-00C04F79EFBC}") = "Common", "Common\Common.csproj", "{0605DC58-E7D4-437D-8560-9786D9071303}"
EndProject
Global
	GlobalSection(SolutionConfigurationPlatforms) = preSolution
		Debug|Any CPU = Debug|Any CPU
		Release|Any CPU = Release|Any CPU
	EndGlobalSection
	GlobalSection(ProjectConfigurationPlatforms) = postSolution
		{C69DDE96-888C-40B4-BBE7-9772895BE471}.Debug|Any CPU.ActiveCfg = Debug|Any CPU
		{C69DDE96-888C-40B4-BBE7-9772895BE471}.Debug|Any CPU.Build.0 = Debug|Any CPU
		{C69DDE96-888C-40B4-BBE7-9772895BE471}.Release|Any CPU.ActiveCfg = Release|Any CPU
		{C69DDE96-888C-40B4-BBE7-9772895BE471}.Release|Any CPU.Build.0 = Release|Any CPU
		{597F1652-8EB3-4DDB-8526-791049C4FC5A}.Debug|Any CPU.ActiveCfg = Debug|Any CPU
		{597F1652-8EB3-4DDB-8526-791049C4FC5A}.Debug|Any CPU.Build.0 = Debug|Any CPU
		{597F1652-8EB3-4DDB-8526-791049C4FC5A}.Release|Any CPU.ActiveCfg = Release|Any CPU
		{597F1652-8EB3-4DDB-8526-791049C4FC5A}.Release|Any CPU.Build.0 = Release|Any CPU
		{0605DC58-E7D4-437D-8560-9786D9071303}.Debug|Any CPU.ActiveCfg = Debug|Any CPU
		{0605DC58-E7D4-437D-8560-9786D9071303}.Debug|Any CPU.Build.0 = Debug|Any CPU
		{0605DC58-E7D4-437D-8560-9786D9071303}.Release|Any CPU.ActiveCfg = Release|Any CPU
		{0605DC58-E7D4-437D-8560-9786D9071303}.Release|Any CPU.Build.0 = Release|Any CPU
	EndGlobalSection
	GlobalSection(SolutionProperties) = preSolution
		HideSolutionNode = FALSE
	EndGlobalSection
	GlobalSection(ExtensibilityGlobals) = postSolution
		SolutionGuid = {9E86C6DF-2303-4D47-8D12-BD6743704ED8}
	EndGlobalSection
EndGlobal
